// !$*UTF8*$!
{
	archiveVersion = 1;
	classes = {
	};
	objectVersion = 50;
	objects = {

/* Begin PBXBuildFile section */
		D67845C2263B27CA00EFCB1A /* AppDelegate.swift in Sources */ = {isa = PBXBuildFile; fileRef = D67845C1263B27CA00EFCB1A /* AppDelegate.swift */; };
		D67845C4263B27CA00EFCB1A /* SceneDelegate.swift in Sources */ = {isa = PBXBuildFile; fileRef = D67845C3263B27CA00EFCB1A /* SceneDelegate.swift */; };
		D67845C6263B27CA00EFCB1A /* LoginViewController.swift in Sources */ = {isa = PBXBuildFile; fileRef = D67845C5263B27CA00EFCB1A /* LoginViewController.swift */; };
		D67845C9263B27CA00EFCB1A /* Main.storyboard in Resources */ = {isa = PBXBuildFile; fileRef = D67845C7263B27CA00EFCB1A /* Main.storyboard */; };
		D67845CB263B27CB00EFCB1A /* Assets.xcassets in Resources */ = {isa = PBXBuildFile; fileRef = D67845CA263B27CB00EFCB1A /* Assets.xcassets */; };
		D6D65AF0263C6929007E8C22 /* MapViewController.swift in Sources */ = {isa = PBXBuildFile; fileRef = D6D65AEF263C6929007E8C22 /* MapViewController.swift */; };
		D6D65AF2263C6938007E8C22 /* TableViewController.swift in Sources */ = {isa = PBXBuildFile; fileRef = D6D65AF1263C6938007E8C22 /* TableViewController.swift */; };
		D6D65AF7263C86CE007E8C22 /* TableViewCell.swift in Sources */ = {isa = PBXBuildFile; fileRef = D6D65AF6263C86CE007E8C22 /* TableViewCell.swift */; };
		D6F9404426405184005775DD /* AddPinViewController.swift in Sources */ = {isa = PBXBuildFile; fileRef = D6F9404326405184005775DD /* AddPinViewController.swift */; };
		D6F9404626405198005775DD /* LocationAndLinkViewController.swift in Sources */ = {isa = PBXBuildFile; fileRef = D6F9404526405198005775DD /* LocationAndLinkViewController.swift */; };
		D6F9404C26409B70005775DD /* UIViewController+Extension.swift in Sources */ = {isa = PBXBuildFile; fileRef = D6F9404B26409B70005775DD /* UIViewController+Extension.swift */; };
		D6F9404F2640A08C005775DD /* UDBClient.swift in Sources */ = {isa = PBXBuildFile; fileRef = D6F9404E2640A08C005775DD /* UDBClient.swift */; };
		D6F940522640A296005775DD /* StudentLocation.swift in Sources */ = {isa = PBXBuildFile; fileRef = D6F940512640A296005775DD /* StudentLocation.swift */; };
		D6F940542640BD77005775DD /* PDBClient.swift in Sources */ = {isa = PBXBuildFile; fileRef = D6F940532640BD77005775DD /* PDBClient.swift */; };
		D6F940562641AFF8005775DD /* StudentLocationResults.swift in Sources */ = {isa = PBXBuildFile; fileRef = D6F940552641AFF8005775DD /* StudentLocationResults.swift */; };
		D6F9405C2641EED3005775DD /* LaunchScreenViewController.swift in Sources */ = {isa = PBXBuildFile; fileRef = D6F9405B2641EED3005775DD /* LaunchScreenViewController.swift */; };
/* End PBXBuildFile section */

/* Begin PBXFileReference section */
		D67845BE263B27CA00EFCB1A /* OnTheMap.app */ = {isa = PBXFileReference; explicitFileType = wrapper.application; includeInIndex = 0; path = OnTheMap.app; sourceTree = BUILT_PRODUCTS_DIR; };
		D67845C1263B27CA00EFCB1A /* AppDelegate.swift */ = {isa = PBXFileReference; lastKnownFileType = sourcecode.swift; path = AppDelegate.swift; sourceTree = "<group>"; };
		D67845C3263B27CA00EFCB1A /* SceneDelegate.swift */ = {isa = PBXFileReference; lastKnownFileType = sourcecode.swift; path = SceneDelegate.swift; sourceTree = "<group>"; };
		D67845C5263B27CA00EFCB1A /* LoginViewController.swift */ = {isa = PBXFileReference; lastKnownFileType = sourcecode.swift; path = LoginViewController.swift; sourceTree = "<group>"; };
		D67845C8263B27CA00EFCB1A /* Base */ = {isa = PBXFileReference; lastKnownFileType = file.storyboard; name = Base; path = Base.lproj/Main.storyboard; sourceTree = "<group>"; };
		D67845CA263B27CB00EFCB1A /* Assets.xcassets */ = {isa = PBXFileReference; lastKnownFileType = folder.assetcatalog; path = Assets.xcassets; sourceTree = "<group>"; };
		D67845CF263B27CB00EFCB1A /* Info.plist */ = {isa = PBXFileReference; lastKnownFileType = text.plist.xml; path = Info.plist; sourceTree = "<group>"; };
		D6D65AEF263C6929007E8C22 /* MapViewController.swift */ = {isa = PBXFileReference; lastKnownFileType = sourcecode.swift; path = MapViewController.swift; sourceTree = "<group>"; };
		D6D65AF1263C6938007E8C22 /* TableViewController.swift */ = {isa = PBXFileReference; lastKnownFileType = sourcecode.swift; path = TableViewController.swift; sourceTree = "<group>"; };
		D6D65AF6263C86CE007E8C22 /* TableViewCell.swift */ = {isa = PBXFileReference; lastKnownFileType = sourcecode.swift; path = TableViewCell.swift; sourceTree = "<group>"; };
		D6F9404326405184005775DD /* AddPinViewController.swift */ = {isa = PBXFileReference; lastKnownFileType = sourcecode.swift; path = AddPinViewController.swift; sourceTree = "<group>"; };
		D6F9404526405198005775DD /* LocationAndLinkViewController.swift */ = {isa = PBXFileReference; lastKnownFileType = sourcecode.swift; path = LocationAndLinkViewController.swift; sourceTree = "<group>"; };
		D6F9404B26409B70005775DD /* UIViewController+Extension.swift */ = {isa = PBXFileReference; lastKnownFileType = sourcecode.swift; path = "UIViewController+Extension.swift"; sourceTree = "<group>"; };
		D6F9404E2640A08C005775DD /* UDBClient.swift */ = {isa = PBXFileReference; lastKnownFileType = sourcecode.swift; path = UDBClient.swift; sourceTree = "<group>"; };
		D6F940512640A296005775DD /* StudentLocation.swift */ = {isa = PBXFileReference; lastKnownFileType = sourcecode.swift; path = StudentLocation.swift; sourceTree = "<group>"; };
		D6F940532640BD77005775DD /* PDBClient.swift */ = {isa = PBXFileReference; lastKnownFileType = sourcecode.swift; path = PDBClient.swift; sourceTree = "<group>"; };
		D6F940552641AFF8005775DD /* StudentLocationResults.swift */ = {isa = PBXFileReference; lastKnownFileType = sourcecode.swift; path = StudentLocationResults.swift; sourceTree = "<group>"; };
		D6F9405B2641EED3005775DD /* LaunchScreenViewController.swift */ = {isa = PBXFileReference; lastKnownFileType = sourcecode.swift; path = LaunchScreenViewController.swift; sourceTree = "<group>"; };
/* End PBXFileReference section */

/* Begin PBXFrameworksBuildPhase section */
		D67845BB263B27CA00EFCB1A /* Frameworks */ = {
			isa = PBXFrameworksBuildPhase;
			buildActionMask = 2147483647;
			files = (
			);
			runOnlyForDeploymentPostprocessing = 0;
		};
/* End PBXFrameworksBuildPhase section */

/* Begin PBXGroup section */
		D67845B5263B27CA00EFCB1A = {
			isa = PBXGroup;
			children = (
				D67845C0263B27CA00EFCB1A /* OnTheMap */,
				D67845BF263B27CA00EFCB1A /* Products */,
			);
			sourceTree = "<group>";
		};
		D67845BF263B27CA00EFCB1A /* Products */ = {
			isa = PBXGroup;
			children = (
				D67845BE263B27CA00EFCB1A /* OnTheMap.app */,
			);
			name = Products;
			sourceTree = "<group>";
		};
		D67845C0263B27CA00EFCB1A /* OnTheMap */ = {
			isa = PBXGroup;
			children = (
				D67845C1263B27CA00EFCB1A /* AppDelegate.swift */,
				D67845C3263B27CA00EFCB1A /* SceneDelegate.swift */,
				D6F9404826405879005775DD /* Model */,
				D6D65AF3263C7BB8007E8C22 /* View */,
				D6D65AEE263C68EE007E8C22 /* Controllers */,
				D6D65AED263C68D9007E8C22 /* Resources */,
			);
			path = OnTheMap;
			sourceTree = "<group>";
		};
		D6D65AED263C68D9007E8C22 /* Resources */ = {
			isa = PBXGroup;
			children = (
				D67845CF263B27CB00EFCB1A /* Info.plist */,
				D67845CA263B27CB00EFCB1A /* Assets.xcassets */,
				D67845C7263B27CA00EFCB1A /* Main.storyboard */,
			);
			path = Resources;
			sourceTree = "<group>";
		};
		D6D65AEE263C68EE007E8C22 /* Controllers */ = {
			isa = PBXGroup;
			children = (
				D67845C5263B27CA00EFCB1A /* LoginViewController.swift */,
				D6D65AEF263C6929007E8C22 /* MapViewController.swift */,
				D6D65AF1263C6938007E8C22 /* TableViewController.swift */,
				D6F9404326405184005775DD /* AddPinViewController.swift */,
				D6F9404526405198005775DD /* LocationAndLinkViewController.swift */,
				D6F9404B26409B70005775DD /* UIViewController+Extension.swift */,
				D6F9405B2641EED3005775DD /* LaunchScreenViewController.swift */,
			);
			path = Controllers;
			sourceTree = "<group>";
		};
		D6D65AF3263C7BB8007E8C22 /* View */ = {
			isa = PBXGroup;
			children = (
				D6D65AF6263C86CE007E8C22 /* TableViewCell.swift */,
			);
			path = View;
			sourceTree = "<group>";
		};
		D6F940472640585A005775DD /* PDB Client */ = {
			isa = PBXGroup;
			children = (
				D6F940532640BD77005775DD /* PDBClient.swift */,
			);
			path = "PDB Client";
			sourceTree = "<group>";
		};
		D6F9404826405879005775DD /* Model */ = {
			isa = PBXGroup;
			children = (
				D6F940502640A26A005775DD /* Responses */,
				D6F9404D2640A05C005775DD /* UDB Client */,
				D6F940472640585A005775DD /* PDB Client */,
			);
			path = Model;
			sourceTree = "<group>";
		};
		D6F9404D2640A05C005775DD /* UDB Client */ = {
			isa = PBXGroup;
			children = (
				D6F9404E2640A08C005775DD /* UDBClient.swift */,
			);
			path = "UDB Client";
			sourceTree = "<group>";
		};
		D6F940502640A26A005775DD /* Responses */ = {
			isa = PBXGroup;
			children = (
				D6F9405A2641EA91005775DD /* Udacity Responses */,
				D6F940592641EA7A005775DD /* Parse Responses */,
			);
			path = Responses;
			sourceTree = "<group>";
		};
		D6F940592641EA7A005775DD /* Parse Responses */ = {
			isa = PBXGroup;
			children = (
				D6F940512640A296005775DD /* StudentLocation.swift */,
				D6F940552641AFF8005775DD /* StudentLocationResults.swift */,
			);
			path = "Parse Responses";
			sourceTree = "<group>";
		};
		D6F9405A2641EA91005775DD /* Udacity Responses */ = {
			isa = PBXGroup;
			children = (
			);
			path = "Udacity Responses";
			sourceTree = "<group>";
		};
/* End PBXGroup section */

/* Begin PBXNativeTarget section */
		D67845BD263B27CA00EFCB1A /* OnTheMap */ = {
			isa = PBXNativeTarget;
			buildConfigurationList = D67845D2263B27CB00EFCB1A /* Build configuration list for PBXNativeTarget "OnTheMap" */;
			buildPhases = (
				D67845BA263B27CA00EFCB1A /* Sources */,
				D67845BB263B27CA00EFCB1A /* Frameworks */,
				D67845BC263B27CA00EFCB1A /* Resources */,
			);
			buildRules = (
			);
			dependencies = (
			);
			name = OnTheMap;
			productName = OnTheMap;
			productReference = D67845BE263B27CA00EFCB1A /* OnTheMap.app */;
			productType = "com.apple.product-type.application";
		};
/* End PBXNativeTarget section */

/* Begin PBXProject section */
		D67845B6263B27CA00EFCB1A /* Project object */ = {
			isa = PBXProject;
			attributes = {
				LastSwiftUpdateCheck = 1250;
				LastUpgradeCheck = 1250;
				TargetAttributes = {
					D67845BD263B27CA00EFCB1A = {
						CreatedOnToolsVersion = 12.5;
					};
				};
			};
			buildConfigurationList = D67845B9263B27CA00EFCB1A /* Build configuration list for PBXProject "OnTheMap" */;
			compatibilityVersion = "Xcode 9.3";
			developmentRegion = en;
			hasScannedForEncodings = 0;
			knownRegions = (
				en,
				Base,
			);
			mainGroup = D67845B5263B27CA00EFCB1A;
			productRefGroup = D67845BF263B27CA00EFCB1A /* Products */;
			projectDirPath = "";
			projectRoot = "";
			targets = (
				D67845BD263B27CA00EFCB1A /* OnTheMap */,
			);
		};
/* End PBXProject section */

/* Begin PBXResourcesBuildPhase section */
		D67845BC263B27CA00EFCB1A /* Resources */ = {
			isa = PBXResourcesBuildPhase;
			buildActionMask = 2147483647;
			files = (
				D67845CB263B27CB00EFCB1A /* Assets.xcassets in Resources */,
				D67845C9263B27CA00EFCB1A /* Main.storyboard in Resources */,
			);
			runOnlyForDeploymentPostprocessing = 0;
		};
/* End PBXResourcesBuildPhase section */

/* Begin PBXSourcesBuildPhase section */
		D67845BA263B27CA00EFCB1A /* Sources */ = {
			isa = PBXSourcesBuildPhase;
			buildActionMask = 2147483647;
			files = (
				D6D65AF2263C6938007E8C22 /* TableViewController.swift in Sources */,
				D6F940562641AFF8005775DD /* StudentLocationResults.swift in Sources */,
				D67845C6263B27CA00EFCB1A /* LoginViewController.swift in Sources */,
				D67845C2263B27CA00EFCB1A /* AppDelegate.swift in Sources */,
				D6D65AF7263C86CE007E8C22 /* TableViewCell.swift in Sources */,
				D67845C4263B27CA00EFCB1A /* SceneDelegate.swift in Sources */,
				D6F9405C2641EED3005775DD /* LaunchScreenViewController.swift in Sources */,
				D6D65AF0263C6929007E8C22 /* MapViewController.swift in Sources */,
				D6F9404C26409B70005775DD /* UIViewController+Extension.swift in Sources */,
				D6F940542640BD77005775DD /* PDBClient.swift in Sources */,
				D6F9404426405184005775DD /* AddPinViewController.swift in Sources */,
				D6F9404F2640A08C005775DD /* UDBClient.swift in Sources */,
				D6F9404626405198005775DD /* LocationAndLinkViewController.swift in Sources */,
				D6F940522640A296005775DD /* StudentLocation.swift in Sources */,
			);
			runOnlyForDeploymentPostprocessing = 0;
		};
/* End PBXSourcesBuildPhase section */

/* Begin PBXVariantGroup section */
		D67845C7263B27CA00EFCB1A /* Main.storyboard */ = {
			isa = PBXVariantGroup;
			children = (
				D67845C8263B27CA00EFCB1A /* Base */,
			);
			name = Main.storyboard;
			sourceTree = "<group>";
		};
/* End PBXVariantGroup section */

/* Begin XCBuildConfiguration section */
		D67845D0263B27CB00EFCB1A /* Debug */ = {
			isa = XCBuildConfiguration;
			buildSettings = {
				ALWAYS_SEARCH_USER_PATHS = NO;
				CLANG_ANALYZER_NONNULL = YES;
				CLANG_ANALYZER_NUMBER_OBJECT_CONVERSION = YES_AGGRESSIVE;
				CLANG_CXX_LANGUAGE_STANDARD = "gnu++14";
				CLANG_CXX_LIBRARY = "libc++";
				CLANG_ENABLE_MODULES = YES;
				CLANG_ENABLE_OBJC_ARC = YES;
				CLANG_ENABLE_OBJC_WEAK = YES;
				CLANG_WARN_BLOCK_CAPTURE_AUTORELEASING = YES;
				CLANG_WARN_BOOL_CONVERSION = YES;
				CLANG_WARN_COMMA = YES;
				CLANG_WARN_CONSTANT_CONVERSION = YES;
				CLANG_WARN_DEPRECATED_OBJC_IMPLEMENTATIONS = YES;
				CLANG_WARN_DIRECT_OBJC_ISA_USAGE = YES_ERROR;
				CLANG_WARN_DOCUMENTATION_COMMENTS = YES;
				CLANG_WARN_EMPTY_BODY = YES;
				CLANG_WARN_ENUM_CONVERSION = YES;
				CLANG_WARN_INFINITE_RECURSION = YES;
				CLANG_WARN_INT_CONVERSION = YES;
				CLANG_WARN_NON_LITERAL_NULL_CONVERSION = YES;
				CLANG_WARN_OBJC_IMPLICIT_RETAIN_SELF = YES;
				CLANG_WARN_OBJC_LITERAL_CONVERSION = YES;
				CLANG_WARN_OBJC_ROOT_CLASS = YES_ERROR;
				CLANG_WARN_QUOTED_INCLUDE_IN_FRAMEWORK_HEADER = YES;
				CLANG_WARN_RANGE_LOOP_ANALYSIS = YES;
				CLANG_WARN_STRICT_PROTOTYPES = YES;
				CLANG_WARN_SUSPICIOUS_MOVE = YES;
				CLANG_WARN_UNGUARDED_AVAILABILITY = YES_AGGRESSIVE;
				CLANG_WARN_UNREACHABLE_CODE = YES;
				CLANG_WARN__DUPLICATE_METHOD_MATCH = YES;
				COPY_PHASE_STRIP = NO;
				DEBUG_INFORMATION_FORMAT = dwarf;
				ENABLE_STRICT_OBJC_MSGSEND = YES;
				ENABLE_TESTABILITY = YES;
				GCC_C_LANGUAGE_STANDARD = gnu11;
				GCC_DYNAMIC_NO_PIC = NO;
				GCC_NO_COMMON_BLOCKS = YES;
				GCC_OPTIMIZATION_LEVEL = 0;
				GCC_PREPROCESSOR_DEFINITIONS = (
					"DEBUG=1",
					"$(inherited)",
				);
				GCC_WARN_64_TO_32_BIT_CONVERSION = YES;
				GCC_WARN_ABOUT_RETURN_TYPE = YES_ERROR;
				GCC_WARN_UNDECLARED_SELECTOR = YES;
				GCC_WARN_UNINITIALIZED_AUTOS = YES_AGGRESSIVE;
				GCC_WARN_UNUSED_FUNCTION = YES;
				GCC_WARN_UNUSED_VARIABLE = YES;
				IPHONEOS_DEPLOYMENT_TARGET = 14.5;
				MTL_ENABLE_DEBUG_INFO = INCLUDE_SOURCE;
				MTL_FAST_MATH = YES;
				ONLY_ACTIVE_ARCH = YES;
				SDKROOT = iphoneos;
				SWIFT_ACTIVE_COMPILATION_CONDITIONS = DEBUG;
				SWIFT_OPTIMIZATION_LEVEL = "-Onone";
			};
			name = Debug;
		};
		D67845D1263B27CB00EFCB1A /* Release */ = {
			isa = XCBuildConfiguration;
			buildSettings = {
				ALWAYS_SEARCH_USER_PATHS = NO;
				CLANG_ANALYZER_NONNULL = YES;
				CLANG_ANALYZER_NUMBER_OBJECT_CONVERSION = YES_AGGRESSIVE;
				CLANG_CXX_LANGUAGE_STANDARD = "gnu++14";
				CLANG_CXX_LIBRARY = "libc++";
				CLANG_ENABLE_MODULES = YES;
				CLANG_ENABLE_OBJC_ARC = YES;
				CLANG_ENABLE_OBJC_WEAK = YES;
				CLANG_WARN_BLOCK_CAPTURE_AUTORELEASING = YES;
				CLANG_WARN_BOOL_CONVERSION = YES;
				CLANG_WARN_COMMA = YES;
				CLANG_WARN_CONSTANT_CONVERSION = YES;
				CLANG_WARN_DEPRECATED_OBJC_IMPLEMENTATIONS = YES;
				CLANG_WARN_DIRECT_OBJC_ISA_USAGE = YES_ERROR;
				CLANG_WARN_DOCUMENTATION_COMMENTS = YES;
				CLANG_WARN_EMPTY_BODY = YES;
				CLANG_WARN_ENUM_CONVERSION = YES;
				CLANG_WARN_INFINITE_RECURSION = YES;
				CLANG_WARN_INT_CONVERSION = YES;
				CLANG_WARN_NON_LITERAL_NULL_CONVERSION = YES;
				CLANG_WARN_OBJC_IMPLICIT_RETAIN_SELF = YES;
				CLANG_WARN_OBJC_LITERAL_CONVERSION = YES;
				CLANG_WARN_OBJC_ROOT_CLASS = YES_ERROR;
				CLANG_WARN_QUOTED_INCLUDE_IN_FRAMEWORK_HEADER = YES;
				CLANG_WARN_RANGE_LOOP_ANALYSIS = YES;
				CLANG_WARN_STRICT_PROTOTYPES = YES;
				CLANG_WARN_SUSPICIOUS_MOVE = YES;
				CLANG_WARN_UNGUARDED_AVAILABILITY = YES_AGGRESSIVE;
				CLANG_WARN_UNREACHABLE_CODE = YES;
				CLANG_WARN__DUPLICATE_METHOD_MATCH = YES;
				COPY_PHASE_STRIP = NO;
				DEBUG_INFORMATION_FORMAT = "dwarf-with-dsym";
				ENABLE_NS_ASSERTIONS = NO;
				ENABLE_STRICT_OBJC_MSGSEND = YES;
				GCC_C_LANGUAGE_STANDARD = gnu11;
				GCC_NO_COMMON_BLOCKS = YES;
				GCC_WARN_64_TO_32_BIT_CONVERSION = YES;
				GCC_WARN_ABOUT_RETURN_TYPE = YES_ERROR;
				GCC_WARN_UNDECLARED_SELECTOR = YES;
				GCC_WARN_UNINITIALIZED_AUTOS = YES_AGGRESSIVE;
				GCC_WARN_UNUSED_FUNCTION = YES;
				GCC_WARN_UNUSED_VARIABLE = YES;
				IPHONEOS_DEPLOYMENT_TARGET = 14.5;
				MTL_ENABLE_DEBUG_INFO = NO;
				MTL_FAST_MATH = YES;
				SDKROOT = iphoneos;
				SWIFT_COMPILATION_MODE = wholemodule;
				SWIFT_OPTIMIZATION_LEVEL = "-O";
				VALIDATE_PRODUCT = YES;
			};
			name = Release;
		};
		D67845D3263B27CB00EFCB1A /* Debug */ = {
			isa = XCBuildConfiguration;
			buildSettings = {
				ASSETCATALOG_COMPILER_APPICON_NAME = AppIcon;
				ASSETCATALOG_COMPILER_GLOBAL_ACCENT_COLOR_NAME = AccentColor;
				CODE_SIGN_STYLE = Automatic;
				DEVELOPMENT_TEAM = SJG2A7QTCS;
				INFOPLIST_FILE = "$(SRCROOT)/OnTheMap/Resources/Info.plist";
				LD_RUNPATH_SEARCH_PATHS = (
					"$(inherited)",
					"@executable_path/Frameworks",
				);
				PRODUCT_BUNDLE_IDENTIFIER = "com.ceban-coding.OnTheMap";
				PRODUCT_NAME = "$(TARGET_NAME)";
				SWIFT_VERSION = 5.0;
				TARGETED_DEVICE_FAMILY = "1,2";
			};
			name = Debug;
		};
		D67845D4263B27CB00EFCB1A /* Release */ = {
			isa = XCBuildConfiguration;
			buildSettings = {
				ASSETCATALOG_COMPILER_APPICON_NAME = AppIcon;
				ASSETCATALOG_COMPILER_GLOBAL_ACCENT_COLOR_NAME = AccentColor;
				CODE_SIGN_STYLE = Automatic;
				DEVELOPMENT_TEAM = SJG2A7QTCS;
				INFOPLIST_FILE = "$(SRCROOT)/OnTheMap/Resources/Info.plist";
				LD_RUNPATH_SEARCH_PATHS = (
					"$(inherited)",
					"@executable_path/Frameworks",
				);
				PRODUCT_BUNDLE_IDENTIFIER = "com.ceban-coding.OnTheMap";
				PRODUCT_NAME = "$(TARGET_NAME)";
				SWIFT_VERSION = 5.0;
				TARGETED_DEVICE_FAMILY = "1,2";
			};
			name = Release;
		};
/* End XCBuildConfiguration section */

/* Begin XCConfigurationList section */
		D67845B9263B27CA00EFCB1A /* Build configuration list for PBXProject "OnTheMap" */ = {
			isa = XCConfigurationList;
			buildConfigurations = (
				D67845D0263B27CB00EFCB1A /* Debug */,
				D67845D1263B27CB00EFCB1A /* Release */,
			);
			defaultConfigurationIsVisible = 0;
			defaultConfigurationName = Release;
		};
		D67845D2263B27CB00EFCB1A /* Build configuration list for PBXNativeTarget "OnTheMap" */ = {
			isa = XCConfigurationList;
			buildConfigurations = (
				D67845D3263B27CB00EFCB1A /* Debug */,
				D67845D4263B27CB00EFCB1A /* Release */,
			);
			defaultConfigurationIsVisible = 0;
			defaultConfigurationName = Release;
		};
/* End XCConfigurationList section */
	};
	rootObject = D67845B6263B27CA00EFCB1A /* Project object */;
}
